Microsoft Visual Studio Solution File, Format Version 12.00
# Visual Studio Version 17
VisualStudioVersion = 17.5.2.0
MinimumVisualStudioVersion = 10.0.40219.1
Project("{FAE04EC0-301F-11D3-BF4B-00C04F79EFBC}") = "ManagerApp1", "ManagerApp1.csproj", "{CC8C3344-4E45-60C8-9D35-D09D8244DE90}"
EndProject
Global
	GlobalSection(SolutionConfigurationPlatforms) = preSolution
		Debug|Any CPU = Debug|Any CPU
		Release|Any CPU = Release|Any CPU
	EndGlobalSection
	GlobalSection(ProjectConfigurationPlatforms) = postSolution
		{CC8C3344-4E45-60C8-9D35-D09D8244DE90}.Debug|Any CPU.ActiveCfg = Debug|Any CPU
		{CC8C3344-4E45-60C8-9D35-D09D8244DE90}.Debug|Any CPU.Build.0 = Debug|Any CPU
		{CC8C3344-4E45-60C8-9D35-D09D8244DE90}.Release|Any CPU.ActiveCfg = Release|Any CPU
		{CC8C3344-4E45-60C8-9D35-D09D8244DE90}.Release|Any CPU.Build.0 = Release|Any CPU
	EndGlobalSection
	GlobalSection(SolutionProperties) = preSolution
		HideSolutionNode = FALSE
	EndGlobalSection
	GlobalSection(ExtensibilityGlobals) = postSolution
		SolutionGuid = {C6C0D9D5-4BFB-4F11-87E6-912F2721E976}
	EndGlobalSection
EndGlobal
